
Microsoft Visual Studio Solution File, Format Version 12.00
# Visual Studio Version 16
VisualStudioVersion = 16.0.29306.81
MinimumVisualStudioVersion = 10.0.40219.1
Project("{FAE04EC0-301F-11D3-BF4B-00C04F79EFBC}") = "GuessNum1", "GuessNum1\GuessNum1.csproj", "{AE2E63D4-50D5-4787-967B-F93F9EFF6FB2}"
EndProject
Global
	GlobalSection(SolutionConfigurationPlatforms) = preSolution
		Debug|Any CPU = Debug|Any CPU
		Release|Any CPU = Release|Any CPU
	EndGlobalSection
	GlobalSection(ProjectConfigurationPlatforms) = postSolution
		{AE2E63D4-50D5-4787-967B-F93F9EFF6FB2}.Debug|Any CPU.ActiveCfg = Debug|Any CPU
		{AE2E63D4-50D5-4787-967B-F93F9EFF6FB2}.Debug|Any CPU.Build.0 = Debug|Any CPU
		{AE2E63D4-50D5-4787-967B-F93F9EFF6FB2}.Release|Any CPU.ActiveCfg = Release|Any CPU
		{AE2E63D4-50D5-4787-967B-F93F9EFF6FB2}.Release|Any CPU.Build.0 = Release|Any CPU
	EndGlobalSection
	GlobalSection(SolutionProperties) = preSolution
		HideSolutionNode = FALSE
	EndGlobalSection
	GlobalSection(ExtensibilityGlobals) = postSolution
		SolutionGuid = {2EC9C736-9F0F-46E1-9F0C-329825473C10}
	EndGlobalSection
EndGlobal
