
Microsoft Visual Studio Solution File, Format Version 12.00
# Visual Studio Version 16
VisualStudioVersion = 16.0.29306.81
MinimumVisualStudioVersion = 10.0.40219.1
Project("{FAE04EC0-301F-11D3-BF4B-00C04F79EFBC}") = "WindowsFormsApp1", "WindowsFormsApp1\WindowsFormsApp1.csproj", "{0C728059-7F6E-414E-80D0-1C0DA1923312}"
EndProject
Global
	GlobalSection(SolutionConfigurationPlatforms) = preSolution
		Debug|Any CPU = Debug|Any CPU
		Release|Any CPU = Release|Any CPU
	EndGlobalSection
	GlobalSection(ProjectConfigurationPlatforms) = postSolution
		{0C728059-7F6E-414E-80D0-1C0DA1923312}.Debug|Any CPU.ActiveCfg = Debug|Any CPU
		{0C728059-7F6E-414E-80D0-1C0DA1923312}.Debug|Any CPU.Build.0 = Debug|Any CPU
		{0C728059-7F6E-414E-80D0-1C0DA1923312}.Release|Any CPU.ActiveCfg = Release|Any CPU
		{0C728059-7F6E-414E-80D0-1C0DA1923312}.Release|Any CPU.Build.0 = Release|Any CPU
	EndGlobalSection
	GlobalSection(SolutionProperties) = preSolution
		HideSolutionNode = FALSE
	EndGlobalSection
	GlobalSection(ExtensibilityGlobals) = postSolution
		SolutionGuid = {B2C55E3D-07D4-4B93-A44D-18ECE5348418}
	EndGlobalSection
EndGlobal
